
Microsoft Visual Studio Solution File, Format Version 12.00
# Visual Studio Version 17
VisualStudioVersion = 17.5.002.0
MinimumVisualStudioVersion = 10.0.40219.1
Project("{2150E333-8FDC-42A3-9474-1A3956D46DE8}") = "CsharpProjects", "CsharpProjects", "{574994DB-A96F-409C-B04A-4F00FF1B480C}"
EndProject
Project("{2150E333-8FDC-42A3-9474-1A3956D46DE8}") = "Challenges", "Challenges", "{F4B1D59A-1345-4C0C-A9D7-5A3AB71989CB}"
EndProject
Project("{9A19103F-16F7-4668-BE54-9A1E7A4F7556}") = "FormChallenge", "CsharpProjects\Challenges\Form\FormChallenge.csproj", "{85CCDDA0-C71E-456B-968C-94119873C7C6}"
EndProject
Project("{9A19103F-16F7-4668-BE54-9A1E7A4F7556}") = "ArrayChallenge", "CsharpProjects\Challenges\Array\ArrayChallenge.csproj", "{BA0B814A-D000-47C4-876C-8ED67D9A14C7}"
EndProject
Project("{9A19103F-16F7-4668-BE54-9A1E7A4F7556}") = "ERRChallenge", "CsharpProjects\Challenges\ERR\ERRChallenge.csproj", "{993296BE-3833-4AA2-BF99-D4DF197123B3}"
EndProject
Project("{9A19103F-16F7-4668-BE54-9A1E7A4F7556}") = "Subscriptions", "CsharpProjects\Challenges\Subscriptions\Subscriptions.csproj", "{AA118909-18D6-446C-A40C-195AB55C0258}"
EndProject
Project("{9A19103F-16F7-4668-BE54-9A1E7A4F7556}") = "MiniGame", "CsharpProjects\Challenges\MiniGame\MiniGame.csproj", "{E8E95C4F-8612-44B1-A2E3-6736DBD01465}"
EndProject
Project("{9A19103F-16F7-4668-BE54-9A1E7A4F7556}") = "IfElseProject", "CsharpProjects\Challenges\DiceGame\IfElseProject.csproj", "{3EE28790-F25A-4359-8FCC-7537C7CB5C02}"
EndProject
Project("{9A19103F-16F7-4668-BE54-9A1E7A4F7556}") = "EmailAddressChallenge", "CsharpProjects\Challenges\EmailAddress\EmailAddressChallenge.csproj", "{2FB26688-CA3F-41AF-98BD-E238DDD7B566}"
EndProject
Project("{2150E333-8FDC-42A3-9474-1A3956D46DE8}") = "Lessons", "Lessons", "{9320433D-40A4-44C3-B8A7-2579729D2621}"
EndProject
Project("{9A19103F-16F7-4668-BE54-9A1E7A4F7556}") = "While", "CsharpProjects\Lessons\DoWhile\While.csproj", "{884F4280-FBD0-4C76-8050-8A2DE6906428}"
EndProject
Project("{9A19103F-16F7-4668-BE54-9A1E7A4F7556}") = "ReferenceTypes", "CsharpProjects\Lessons\DataTypesExp\ReferenceTypes.csproj", "{149EC1FE-FCA2-4180-B071-559A89AD4F9B}"
EndProject
Project("{9A19103F-16F7-4668-BE54-9A1E7A4F7556}") = "PettingZoo", "CsharpProjects\Lessons\PettingZoo\PettingZoo.csproj", "{EBF806B5-D2AF-45D0-8F13-4B52A076F249}"
EndProject
Project("{9A19103F-16F7-4668-BE54-9A1E7A4F7556}") = "branchLoop", "CsharpProjects\Lessons\BranchLoop\branchLoop.csproj", "{320C639A-F9BC-4158-875A-46974D207C2D}"
EndProject
Project("{9A19103F-16F7-4668-BE54-9A1E7A4F7556}") = "ProjectArray", "CsharpProjects\Lessons\Array\ProjectArray.csproj", "{8D214083-F770-40E0-8BFC-9E6D61525501}"
EndProject
Project("{9A19103F-16F7-4668-BE54-9A1E7A4F7556}") = "switchStatement", "CsharpProjects\Lessons\SwitchStatement\switchStatement.csproj", "{784DD548-FFCD-4E4F-B634-A41EA1E9A140}"
EndProject
Project("{9A19103F-16F7-4668-BE54-9A1E7A4F7556}") = "MinMax", "CsharpProjects\Lessons\MinMax\MinMax.csproj", "{53411DAE-A890-4E23-915B-0566EE7B6AC5}"
EndProject
Project("{9A19103F-16F7-4668-BE54-9A1E7A4F7556}") = "BooleanExpressions", "CsharpProjects\Lessons\BooleanExpressions\BooleanExpressions.csproj", "{27B27DC6-24D5-4B71-9802-AD5F0A224342}"
EndProject
Project("{9A19103F-16F7-4668-BE54-9A1E7A4F7556}") = "TestProject", "CsharpProjects\Lessons\TargetValue\TestProject.csproj", "{BC9D2F25-FE2A-4938-9527-9C12103C2320}"
EndProject
Project("{9A19103F-16F7-4668-BE54-9A1E7A4F7556}") = "SplitJoin", "CsharpProjects\Lessons\SplitJoin\SplitJoin.csproj", "{32707F4D-78A7-4E9E-A6F9-1E4ECFA8F361}"
EndProject
Project("{9A19103F-16F7-4668-BE54-9A1E7A4F7556}") = "RemoveReplace", "CsharpProjects\Lessons\RemoveReplace\RemoveReplace.csproj", "{A97B4DAD-B10D-4761-A299-1F607A2BD1B0}"
EndProject
Project("{9A19103F-16F7-4668-BE54-9A1E7A4F7556}") = "MethodParameters", "CsharpProjects\Lessons\MethodParameters\MethodParameters.csproj", "{6E2E852C-D619-4630-8606-D3CEE7E30D73}"
EndProject
Project("{9A19103F-16F7-4668-BE54-9A1E7A4F7556}") = "For_While", "CsharpProjects\Lessons\ForLoop\For_While.csproj", "{94345CD2-1CA3-48E9-B77D-E7DEF0487182}"
EndProject
Project("{9A19103F-16F7-4668-BE54-9A1E7A4F7556}") = "MethodIp", "CsharpProjects\Lessons\MethodIp\MethodIp.csproj", "{90643E36-6C54-4C54-BDE1-DECBFDD4D8EC}"
EndProject
Project("{9A19103F-16F7-4668-BE54-9A1E7A4F7556}") = "SortReverse", "CsharpProjects\Lessons\SortReverse\SortReverse.csproj", "{1A20A9E5-CE4D-410F-8A07-3656C60D2D97}"
EndProject
Project("{9A19103F-16F7-4668-BE54-9A1E7A4F7556}") = "ClearResize", "CsharpProjects\Lessons\ClearResize\ClearResize.csproj", "{83D89211-3034-42E8-AB5D-F67A1394993C}"
EndProject
Project("{9A19103F-16F7-4668-BE54-9A1E7A4F7556}") = "AlphaNumeric", "CsharpProjects\Lessons\StringFormatting\AlphaNumeric.csproj", "{D8E3D59A-C18A-474F-B05D-F506F21D4970}"
EndProject
Project("{9A19103F-16F7-4668-BE54-9A1E7A4F7556}") = "castingConversion", "CsharpProjects\Lessons\CastingConversion\castingConversion.csproj", "{427A6A9D-42B5-4535-81A3-E517060B8BB1}"
EndProject
Project("{9A19103F-16F7-4668-BE54-9A1E7A4F7556}") = "ReturnTypes", "CsharpProjects\Lessons\ReturnTypes\ReturnTypes.csproj", "{4E3D039D-CA31-4DCC-998B-D39445EAD83A}"
EndProject
Project("{9A19103F-16F7-4668-BE54-9A1E7A4F7556}") = "Method", "CsharpProjects\Lessons\Method\Method.csproj", "{F16F314A-8550-4688-8D69-AB6CB742FFCF}"
EndProject
Project("{9A19103F-16F7-4668-BE54-9A1E7A4F7556}") = "IndexOf", "CsharpProjects\Lessons\IndexOf\IndexOf.csproj", "{54FA3C17-C99E-4AFD-BC81-58A7CAAD24FF}"
EndProject
Project("{2150E333-8FDC-42A3-9474-1A3956D46DE8}") = "Debug", "Debug", "{DB6CB88A-ABCF-46CF-B752-4A11D2416E63}"
EndProject
Project("{9A19103F-16F7-4668-BE54-9A1E7A4F7556}") = "Debug101", "CsharpProjects\Lessons\Debug\Debug101\Debug101.csproj", "{628BEEAA-42F0-4D98-8A82-5DC360DE6C8D}"
EndProject
Global
	GlobalSection(SolutionConfigurationPlatforms) = preSolution
		Debug|Any CPU = Debug|Any CPU
		Release|Any CPU = Release|Any CPU
	EndGlobalSection
	GlobalSection(ProjectConfigurationPlatforms) = postSolution
		{85CCDDA0-C71E-456B-968C-94119873C7C6}.Debug|Any CPU.ActiveCfg = Debug|Any CPU
		{85CCDDA0-C71E-456B-968C-94119873C7C6}.Debug|Any CPU.Build.0 = Debug|Any CPU
		{85CCDDA0-C71E-456B-968C-94119873C7C6}.Release|Any CPU.ActiveCfg = Release|Any CPU
		{85CCDDA0-C71E-456B-968C-94119873C7C6}.Release|Any CPU.Build.0 = Release|Any CPU
		{BA0B814A-D000-47C4-876C-8ED67D9A14C7}.Debug|Any CPU.ActiveCfg = Debug|Any CPU
		{BA0B814A-D000-47C4-876C-8ED67D9A14C7}.Debug|Any CPU.Build.0 = Debug|Any CPU
		{BA0B814A-D000-47C4-876C-8ED67D9A14C7}.Release|Any CPU.ActiveCfg = Release|Any CPU
		{BA0B814A-D000-47C4-876C-8ED67D9A14C7}.Release|Any CPU.Build.0 = Release|Any CPU
		{993296BE-3833-4AA2-BF99-D4DF197123B3}.Debug|Any CPU.ActiveCfg = Debug|Any CPU
		{993296BE-3833-4AA2-BF99-D4DF197123B3}.Debug|Any CPU.Build.0 = Debug|Any CPU
		{993296BE-3833-4AA2-BF99-D4DF197123B3}.Release|Any CPU.ActiveCfg = Release|Any CPU
		{993296BE-3833-4AA2-BF99-D4DF197123B3}.Release|Any CPU.Build.0 = Release|Any CPU
		{AA118909-18D6-446C-A40C-195AB55C0258}.Debug|Any CPU.ActiveCfg = Debug|Any CPU
		{AA118909-18D6-446C-A40C-195AB55C0258}.Debug|Any CPU.Build.0 = Debug|Any CPU
		{AA118909-18D6-446C-A40C-195AB55C0258}.Release|Any CPU.ActiveCfg = Release|Any CPU
		{AA118909-18D6-446C-A40C-195AB55C0258}.Release|Any CPU.Build.0 = Release|Any CPU
		{E8E95C4F-8612-44B1-A2E3-6736DBD01465}.Debug|Any CPU.ActiveCfg = Debug|Any CPU
		{E8E95C4F-8612-44B1-A2E3-6736DBD01465}.Debug|Any CPU.Build.0 = Debug|Any CPU
		{E8E95C4F-8612-44B1-A2E3-6736DBD01465}.Release|Any CPU.ActiveCfg = Release|Any CPU
		{E8E95C4F-8612-44B1-A2E3-6736DBD01465}.Release|Any CPU.Build.0 = Release|Any CPU
		{3EE28790-F25A-4359-8FCC-7537C7CB5C02}.Debug|Any CPU.ActiveCfg = Debug|Any CPU
		{3EE28790-F25A-4359-8FCC-7537C7CB5C02}.Debug|Any CPU.Build.0 = Debug|Any CPU
		{3EE28790-F25A-4359-8FCC-7537C7CB5C02}.Release|Any CPU.ActiveCfg = Release|Any CPU
		{3EE28790-F25A-4359-8FCC-7537C7CB5C02}.Release|Any CPU.Build.0 = Release|Any CPU
		{2FB26688-CA3F-41AF-98BD-E238DDD7B566}.Debug|Any CPU.ActiveCfg = Debug|Any CPU
		{2FB26688-CA3F-41AF-98BD-E238DDD7B566}.Debug|Any CPU.Build.0 = Debug|Any CPU
		{2FB26688-CA3F-41AF-98BD-E238DDD7B566}.Release|Any CPU.ActiveCfg = Release|Any CPU
		{2FB26688-CA3F-41AF-98BD-E238DDD7B566}.Release|Any CPU.Build.0 = Release|Any CPU
		{884F4280-FBD0-4C76-8050-8A2DE6906428}.Debug|Any CPU.ActiveCfg = Debug|Any CPU
		{884F4280-FBD0-4C76-8050-8A2DE6906428}.Debug|Any CPU.Build.0 = Debug|Any CPU
		{884F4280-FBD0-4C76-8050-8A2DE6906428}.Release|Any CPU.ActiveCfg = Release|Any CPU
		{884F4280-FBD0-4C76-8050-8A2DE6906428}.Release|Any CPU.Build.0 = Release|Any CPU
		{149EC1FE-FCA2-4180-B071-559A89AD4F9B}.Debug|Any CPU.ActiveCfg = Debug|Any CPU
		{149EC1FE-FCA2-4180-B071-559A89AD4F9B}.Debug|Any CPU.Build.0 = Debug|Any CPU
		{149EC1FE-FCA2-4180-B071-559A89AD4F9B}.Release|Any CPU.ActiveCfg = Release|Any CPU
		{149EC1FE-FCA2-4180-B071-559A89AD4F9B}.Release|Any CPU.Build.0 = Release|Any CPU
		{EBF806B5-D2AF-45D0-8F13-4B52A076F249}.Debug|Any CPU.ActiveCfg = Debug|Any CPU
		{EBF806B5-D2AF-45D0-8F13-4B52A076F249}.Debug|Any CPU.Build.0 = Debug|Any CPU
		{EBF806B5-D2AF-45D0-8F13-4B52A076F249}.Release|Any CPU.ActiveCfg = Release|Any CPU
		{EBF806B5-D2AF-45D0-8F13-4B52A076F249}.Release|Any CPU.Build.0 = Release|Any CPU
		{320C639A-F9BC-4158-875A-46974D207C2D}.Debug|Any CPU.ActiveCfg = Debug|Any CPU
		{320C639A-F9BC-4158-875A-46974D207C2D}.Debug|Any CPU.Build.0 = Debug|Any CPU
		{320C639A-F9BC-4158-875A-46974D207C2D}.Release|Any CPU.ActiveCfg = Release|Any CPU
		{320C639A-F9BC-4158-875A-46974D207C2D}.Release|Any CPU.Build.0 = Release|Any CPU
		{8D214083-F770-40E0-8BFC-9E6D61525501}.Debug|Any CPU.ActiveCfg = Debug|Any CPU
		{8D214083-F770-40E0-8BFC-9E6D61525501}.Debug|Any CPU.Build.0 = Debug|Any CPU
		{8D214083-F770-40E0-8BFC-9E6D61525501}.Release|Any CPU.ActiveCfg = Release|Any CPU
		{8D214083-F770-40E0-8BFC-9E6D61525501}.Release|Any CPU.Build.0 = Release|Any CPU
		{784DD548-FFCD-4E4F-B634-A41EA1E9A140}.Debug|Any CPU.ActiveCfg = Debug|Any CPU
		{784DD548-FFCD-4E4F-B634-A41EA1E9A140}.Debug|Any CPU.Build.0 = Debug|Any CPU
		{784DD548-FFCD-4E4F-B634-A41EA1E9A140}.Release|Any CPU.ActiveCfg = Release|Any CPU
		{784DD548-FFCD-4E4F-B634-A41EA1E9A140}.Release|Any CPU.Build.0 = Release|Any CPU
		{53411DAE-A890-4E23-915B-0566EE7B6AC5}.Debug|Any CPU.ActiveCfg = Debug|Any CPU
		{53411DAE-A890-4E23-915B-0566EE7B6AC5}.Debug|Any CPU.Build.0 = Debug|Any CPU
		{53411DAE-A890-4E23-915B-0566EE7B6AC5}.Release|Any CPU.ActiveCfg = Release|Any CPU
		{53411DAE-A890-4E23-915B-0566EE7B6AC5}.Release|Any CPU.Build.0 = Release|Any CPU
		{27B27DC6-24D5-4B71-9802-AD5F0A224342}.Debug|Any CPU.ActiveCfg = Debug|Any CPU
		{27B27DC6-24D5-4B71-9802-AD5F0A224342}.Debug|Any CPU.Build.0 = Debug|Any CPU
		{27B27DC6-24D5-4B71-9802-AD5F0A224342}.Release|Any CPU.ActiveCfg = Release|Any CPU
		{27B27DC6-24D5-4B71-9802-AD5F0A224342}.Release|Any CPU.Build.0 = Release|Any CPU
		{BC9D2F25-FE2A-4938-9527-9C12103C2320}.Debug|Any CPU.ActiveCfg = Debug|Any CPU
		{BC9D2F25-FE2A-4938-9527-9C12103C2320}.Debug|Any CPU.Build.0 = Debug|Any CPU
		{BC9D2F25-FE2A-4938-9527-9C12103C2320}.Release|Any CPU.ActiveCfg = Release|Any CPU
		{BC9D2F25-FE2A-4938-9527-9C12103C2320}.Release|Any CPU.Build.0 = Release|Any CPU
		{32707F4D-78A7-4E9E-A6F9-1E4ECFA8F361}.Debug|Any CPU.ActiveCfg = Debug|Any CPU
		{32707F4D-78A7-4E9E-A6F9-1E4ECFA8F361}.Debug|Any CPU.Build.0 = Debug|Any CPU
		{32707F4D-78A7-4E9E-A6F9-1E4ECFA8F361}.Release|Any CPU.ActiveCfg = Release|Any CPU
		{32707F4D-78A7-4E9E-A6F9-1E4ECFA8F361}.Release|Any CPU.Build.0 = Release|Any CPU
		{A97B4DAD-B10D-4761-A299-1F607A2BD1B0}.Debug|Any CPU.ActiveCfg = Debug|Any CPU
		{A97B4DAD-B10D-4761-A299-1F607A2BD1B0}.Debug|Any CPU.Build.0 = Debug|Any CPU
		{A97B4DAD-B10D-4761-A299-1F607A2BD1B0}.Release|Any CPU.ActiveCfg = Release|Any CPU
		{A97B4DAD-B10D-4761-A299-1F607A2BD1B0}.Release|Any CPU.Build.0 = Release|Any CPU
		{6E2E852C-D619-4630-8606-D3CEE7E30D73}.Debug|Any CPU.ActiveCfg = Debug|Any CPU
		{6E2E852C-D619-4630-8606-D3CEE7E30D73}.Debug|Any CPU.Build.0 = Debug|Any CPU
		{6E2E852C-D619-4630-8606-D3CEE7E30D73}.Release|Any CPU.ActiveCfg = Release|Any CPU
		{6E2E852C-D619-4630-8606-D3CEE7E30D73}.Release|Any CPU.Build.0 = Release|Any CPU
		{94345CD2-1CA3-48E9-B77D-E7DEF0487182}.Debug|Any CPU.ActiveCfg = Debug|Any CPU
		{94345CD2-1CA3-48E9-B77D-E7DEF0487182}.Debug|Any CPU.Build.0 = Debug|Any CPU
		{94345CD2-1CA3-48E9-B77D-E7DEF0487182}.Release|Any CPU.ActiveCfg = Release|Any CPU
		{94345CD2-1CA3-48E9-B77D-E7DEF0487182}.Release|Any CPU.Build.0 = Release|Any CPU
		{90643E36-6C54-4C54-BDE1-DECBFDD4D8EC}.Debug|Any CPU.ActiveCfg = Debug|Any CPU
		{90643E36-6C54-4C54-BDE1-DECBFDD4D8EC}.Debug|Any CPU.Build.0 = Debug|Any CPU
		{90643E36-6C54-4C54-BDE1-DECBFDD4D8EC}.Release|Any CPU.ActiveCfg = Release|Any CPU
		{90643E36-6C54-4C54-BDE1-DECBFDD4D8EC}.Release|Any CPU.Build.0 = Release|Any CPU
		{1A20A9E5-CE4D-410F-8A07-3656C60D2D97}.Debug|Any CPU.ActiveCfg = Debug|Any CPU
		{1A20A9E5-CE4D-410F-8A07-3656C60D2D97}.Debug|Any CPU.Build.0 = Debug|Any CPU
		{1A20A9E5-CE4D-410F-8A07-3656C60D2D97}.Release|Any CPU.ActiveCfg = Release|Any CPU
		{1A20A9E5-CE4D-410F-8A07-3656C60D2D97}.Release|Any CPU.Build.0 = Release|Any CPU
		{83D89211-3034-42E8-AB5D-F67A1394993C}.Debug|Any CPU.ActiveCfg = Debug|Any CPU
		{83D89211-3034-42E8-AB5D-F67A1394993C}.Debug|Any CPU.Build.0 = Debug|Any CPU
		{83D89211-3034-42E8-AB5D-F67A1394993C}.Release|Any CPU.ActiveCfg = Release|Any CPU
		{83D89211-3034-42E8-AB5D-F67A1394993C}.Release|Any CPU.Build.0 = Release|Any CPU
		{D8E3D59A-C18A-474F-B05D-F506F21D4970}.Debug|Any CPU.ActiveCfg = Debug|Any CPU
		{D8E3D59A-C18A-474F-B05D-F506F21D4970}.Debug|Any CPU.Build.0 = Debug|Any CPU
		{D8E3D59A-C18A-474F-B05D-F506F21D4970}.Release|Any CPU.ActiveCfg = Release|Any CPU
		{D8E3D59A-C18A-474F-B05D-F506F21D4970}.Release|Any CPU.Build.0 = Release|Any CPU
		{427A6A9D-42B5-4535-81A3-E517060B8BB1}.Debug|Any CPU.ActiveCfg = Debug|Any CPU
		{427A6A9D-42B5-4535-81A3-E517060B8BB1}.Debug|Any CPU.Build.0 = Debug|Any CPU
		{427A6A9D-42B5-4535-81A3-E517060B8BB1}.Release|Any CPU.ActiveCfg = Release|Any CPU
		{427A6A9D-42B5-4535-81A3-E517060B8BB1}.Release|Any CPU.Build.0 = Release|Any CPU
		{4E3D039D-CA31-4DCC-998B-D39445EAD83A}.Debug|Any CPU.ActiveCfg = Debug|Any CPU
		{4E3D039D-CA31-4DCC-998B-D39445EAD83A}.Debug|Any CPU.Build.0 = Debug|Any CPU
		{4E3D039D-CA31-4DCC-998B-D39445EAD83A}.Release|Any CPU.ActiveCfg = Release|Any CPU
		{4E3D039D-CA31-4DCC-998B-D39445EAD83A}.Release|Any CPU.Build.0 = Release|Any CPU
		{F16F314A-8550-4688-8D69-AB6CB742FFCF}.Debug|Any CPU.ActiveCfg = Debug|Any CPU
		{F16F314A-8550-4688-8D69-AB6CB742FFCF}.Debug|Any CPU.Build.0 = Debug|Any CPU
		{F16F314A-8550-4688-8D69-AB6CB742FFCF}.Release|Any CPU.ActiveCfg = Release|Any CPU
		{F16F314A-8550-4688-8D69-AB6CB742FFCF}.Release|Any CPU.Build.0 = Release|Any CPU
		{54FA3C17-C99E-4AFD-BC81-58A7CAAD24FF}.Debug|Any CPU.ActiveCfg = Debug|Any CPU
		{54FA3C17-C99E-4AFD-BC81-58A7CAAD24FF}.Debug|Any CPU.Build.0 = Debug|Any CPU
		{54FA3C17-C99E-4AFD-BC81-58A7CAAD24FF}.Release|Any CPU.ActiveCfg = Release|Any CPU
		{54FA3C17-C99E-4AFD-BC81-58A7CAAD24FF}.Release|Any CPU.Build.0 = Release|Any CPU
		{628BEEAA-42F0-4D98-8A82-5DC360DE6C8D}.Debug|Any CPU.ActiveCfg = Debug|Any CPU
		{628BEEAA-42F0-4D98-8A82-5DC360DE6C8D}.Debug|Any CPU.Build.0 = Debug|Any CPU
		{628BEEAA-42F0-4D98-8A82-5DC360DE6C8D}.Release|Any CPU.ActiveCfg = Release|Any CPU
		{628BEEAA-42F0-4D98-8A82-5DC360DE6C8D}.Release|Any CPU.Build.0 = Release|Any CPU
	EndGlobalSection
	GlobalSection(SolutionProperties) = preSolution
		HideSolutionNode = FALSE
	EndGlobalSection
	GlobalSection(NestedProjects) = preSolution
		{F4B1D59A-1345-4C0C-A9D7-5A3AB71989CB} = {574994DB-A96F-409C-B04A-4F00FF1B480C}
		{85CCDDA0-C71E-456B-968C-94119873C7C6} = {F4B1D59A-1345-4C0C-A9D7-5A3AB71989CB}
		{BA0B814A-D000-47C4-876C-8ED67D9A14C7} = {F4B1D59A-1345-4C0C-A9D7-5A3AB71989CB}
		{993296BE-3833-4AA2-BF99-D4DF197123B3} = {F4B1D59A-1345-4C0C-A9D7-5A3AB71989CB}
		{AA118909-18D6-446C-A40C-195AB55C0258} = {F4B1D59A-1345-4C0C-A9D7-5A3AB71989CB}
		{E8E95C4F-8612-44B1-A2E3-6736DBD01465} = {F4B1D59A-1345-4C0C-A9D7-5A3AB71989CB}
		{3EE28790-F25A-4359-8FCC-7537C7CB5C02} = {F4B1D59A-1345-4C0C-A9D7-5A3AB71989CB}
		{2FB26688-CA3F-41AF-98BD-E238DDD7B566} = {F4B1D59A-1345-4C0C-A9D7-5A3AB71989CB}
		{9320433D-40A4-44C3-B8A7-2579729D2621} = {574994DB-A96F-409C-B04A-4F00FF1B480C}
		{884F4280-FBD0-4C76-8050-8A2DE6906428} = {9320433D-40A4-44C3-B8A7-2579729D2621}
		{149EC1FE-FCA2-4180-B071-559A89AD4F9B} = {9320433D-40A4-44C3-B8A7-2579729D2621}
		{EBF806B5-D2AF-45D0-8F13-4B52A076F249} = {9320433D-40A4-44C3-B8A7-2579729D2621}
		{320C639A-F9BC-4158-875A-46974D207C2D} = {9320433D-40A4-44C3-B8A7-2579729D2621}
		{8D214083-F770-40E0-8BFC-9E6D61525501} = {9320433D-40A4-44C3-B8A7-2579729D2621}
		{784DD548-FFCD-4E4F-B634-A41EA1E9A140} = {9320433D-40A4-44C3-B8A7-2579729D2621}
		{53411DAE-A890-4E23-915B-0566EE7B6AC5} = {9320433D-40A4-44C3-B8A7-2579729D2621}
		{27B27DC6-24D5-4B71-9802-AD5F0A224342} = {9320433D-40A4-44C3-B8A7-2579729D2621}
		{BC9D2F25-FE2A-4938-9527-9C12103C2320} = {9320433D-40A4-44C3-B8A7-2579729D2621}
		{32707F4D-78A7-4E9E-A6F9-1E4ECFA8F361} = {9320433D-40A4-44C3-B8A7-2579729D2621}
		{A97B4DAD-B10D-4761-A299-1F607A2BD1B0} = {9320433D-40A4-44C3-B8A7-2579729D2621}
		{6E2E852C-D619-4630-8606-D3CEE7E30D73} = {9320433D-40A4-44C3-B8A7-2579729D2621}
		{94345CD2-1CA3-48E9-B77D-E7DEF0487182} = {9320433D-40A4-44C3-B8A7-2579729D2621}
		{90643E36-6C54-4C54-BDE1-DECBFDD4D8EC} = {9320433D-40A4-44C3-B8A7-2579729D2621}
		{1A20A9E5-CE4D-410F-8A07-3656C60D2D97} = {9320433D-40A4-44C3-B8A7-2579729D2621}
		{83D89211-3034-42E8-AB5D-F67A1394993C} = {9320433D-40A4-44C3-B8A7-2579729D2621}
		{D8E3D59A-C18A-474F-B05D-F506F21D4970} = {9320433D-40A4-44C3-B8A7-2579729D2621}
		{427A6A9D-42B5-4535-81A3-E517060B8BB1} = {9320433D-40A4-44C3-B8A7-2579729D2621}
		{4E3D039D-CA31-4DCC-998B-D39445EAD83A} = {9320433D-40A4-44C3-B8A7-2579729D2621}
		{F16F314A-8550-4688-8D69-AB6CB742FFCF} = {9320433D-40A4-44C3-B8A7-2579729D2621}
		{54FA3C17-C99E-4AFD-BC81-58A7CAAD24FF} = {9320433D-40A4-44C3-B8A7-2579729D2621}
		{DB6CB88A-ABCF-46CF-B752-4A11D2416E63} = {9320433D-40A4-44C3-B8A7-2579729D2621}
		{628BEEAA-42F0-4D98-8A82-5DC360DE6C8D} = {DB6CB88A-ABCF-46CF-B752-4A11D2416E63}
	EndGlobalSection
	GlobalSection(ExtensibilityGlobals) = postSolution
		SolutionGuid = {10F611E1-D204-4190-A395-A7B89E5AC581}
	EndGlobalSection
EndGlobal
